
Microsoft Visual Studio Solution File, Format Version 12.00
# Visual Studio Version 17
VisualStudioVersion = 17.14.36717.8
MinimumVisualStudioVersion = 10.0.40219.1
Project("{FAE04EC0-301F-11D3-BF4B-00C04F79EFBC}") = "MartianRobots", "MartianRobots\MartianRobots.csproj", "{A4528118-A783-4631-B8D5-FDB2BF79B0DD}"
EndProject
Project("{FAE04EC0-301F-11D3-BF4B-00C04F79EFBC}") = "MartianRobots.Domain", "MartianRobots.Domain\MartianRobots.Domain.csproj", "{F3728352-2450-444B-B4FB-6BEE5B0B83C9}"
EndProject
Project("{FAE04EC0-301F-11D3-BF4B-00C04F79EFBC}") = "MartianRobots.Domain.Tests", "MartianRobots.Domain.Tests\MartianRobots.Domain.Tests.csproj", "{B99480BB-0373-419B-A9BF-FE77FBA491D3}"
EndProject
Project("{2150E333-8FDC-42A3-9474-1A3956D46DE8}") = "Solution Items", "Solution Items", "{8EC462FD-D22E-90A8-E5CE-7E832BA40C5D}"
	ProjectSection(SolutionItems) = preProject
		README.md = README.md
	EndProjectSection
EndProject
Global
	GlobalSection(SolutionConfigurationPlatforms) = preSolution
		Debug|Any CPU = Debug|Any CPU
		Release|Any CPU = Release|Any CPU
	EndGlobalSection
	GlobalSection(ProjectConfigurationPlatforms) = postSolution
		{A4528118-A783-4631-B8D5-FDB2BF79B0DD}.Debug|Any CPU.ActiveCfg = Debug|Any CPU
		{A4528118-A783-4631-B8D5-FDB2BF79B0DD}.Debug|Any CPU.Build.0 = Debug|Any CPU
		{A4528118-A783-4631-B8D5-FDB2BF79B0DD}.Release|Any CPU.ActiveCfg = Release|Any CPU
		{A4528118-A783-4631-B8D5-FDB2BF79B0DD}.Release|Any CPU.Build.0 = Release|Any CPU
		{F3728352-2450-444B-B4FB-6BEE5B0B83C9}.Debug|Any CPU.ActiveCfg = Debug|Any CPU
		{F3728352-2450-444B-B4FB-6BEE5B0B83C9}.Debug|Any CPU.Build.0 = Debug|Any CPU
		{F3728352-2450-444B-B4FB-6BEE5B0B83C9}.Release|Any CPU.ActiveCfg = Release|Any CPU
		{F3728352-2450-444B-B4FB-6BEE5B0B83C9}.Release|Any CPU.Build.0 = Release|Any CPU
		{B99480BB-0373-419B-A9BF-FE77FBA491D3}.Debug|Any CPU.ActiveCfg = Debug|Any CPU
		{B99480BB-0373-419B-A9BF-FE77FBA491D3}.Debug|Any CPU.Build.0 = Debug|Any CPU
		{B99480BB-0373-419B-A9BF-FE77FBA491D3}.Release|Any CPU.ActiveCfg = Release|Any CPU
		{B99480BB-0373-419B-A9BF-FE77FBA491D3}.Release|Any CPU.Build.0 = Release|Any CPU
	EndGlobalSection
	GlobalSection(SolutionProperties) = preSolution
		HideSolutionNode = FALSE
	EndGlobalSection
	GlobalSection(ExtensibilityGlobals) = postSolution
		SolutionGuid = {E1AF1C96-CEE6-4438-A923-A4C57B621453}
	EndGlobalSection
EndGlobal
